
Microsoft Visual Studio Solution File, Format Version 12.00
# Visual Studio 15
VisualStudioVersion = 15.0.28010.2019
MinimumVisualStudioVersion = 10.0.40219.1
Project("{FAE04EC0-301F-11D3-BF4B-00C04F79EFBC}") = "MainServer", "MainServer\MainServer.csproj", "{2F370372-2936-44A0-A6BD-A65EF7B0099C}"
EndProject
Project("{FAE04EC0-301F-11D3-BF4B-00C04F79EFBC}") = "GachonLibrary", "GachonLibrary\GachonLibrary.csproj", "{9F7B4496-DEB4-43D8-8E66-0FA736378A59}"
EndProject
Project("{FAE04EC0-301F-11D3-BF4B-00C04F79EFBC}") = "WebSupport", "WebSupport\WebSupport.csproj", "{B0512E58-1C25-413E-A852-6118BDAF6607}"
EndProject
Global
	GlobalSection(SolutionConfigurationPlatforms) = preSolution
		Debug|Any CPU = Debug|Any CPU
		Release|Any CPU = Release|Any CPU
	EndGlobalSection
	GlobalSection(ProjectConfigurationPlatforms) = postSolution
		{2F370372-2936-44A0-A6BD-A65EF7B0099C}.Debug|Any CPU.ActiveCfg = Debug|Any CPU
		{2F370372-2936-44A0-A6BD-A65EF7B0099C}.Debug|Any CPU.Build.0 = Debug|Any CPU
		{2F370372-2936-44A0-A6BD-A65EF7B0099C}.Release|Any CPU.ActiveCfg = Release|Any CPU
		{2F370372-2936-44A0-A6BD-A65EF7B0099C}.Release|Any CPU.Build.0 = Release|Any CPU
		{9F7B4496-DEB4-43D8-8E66-0FA736378A59}.Debug|Any CPU.ActiveCfg = Debug|Any CPU
		{9F7B4496-DEB4-43D8-8E66-0FA736378A59}.Debug|Any CPU.Build.0 = Debug|Any CPU
		{9F7B4496-DEB4-43D8-8E66-0FA736378A59}.Release|Any CPU.ActiveCfg = Release|Any CPU
		{9F7B4496-DEB4-43D8-8E66-0FA736378A59}.Release|Any CPU.Build.0 = Release|Any CPU
		{B0512E58-1C25-413E-A852-6118BDAF6607}.Debug|Any CPU.ActiveCfg = Debug|Any CPU
		{B0512E58-1C25-413E-A852-6118BDAF6607}.Debug|Any CPU.Build.0 = Debug|Any CPU
		{B0512E58-1C25-413E-A852-6118BDAF6607}.Release|Any CPU.ActiveCfg = Release|Any CPU
		{B0512E58-1C25-413E-A852-6118BDAF6607}.Release|Any CPU.Build.0 = Release|Any CPU
	EndGlobalSection
	GlobalSection(SolutionProperties) = preSolution
		HideSolutionNode = FALSE
	EndGlobalSection
	GlobalSection(ExtensibilityGlobals) = postSolution
		SolutionGuid = {4B15D708-C9CF-4787-AAB2-232826280063}
	EndGlobalSection
EndGlobal
